
Microsoft Visual Studio Solution File, Format Version 12.00
# Visual Studio 2013
VisualStudioVersion = 12.0.21005.1
MinimumVisualStudioVersion = 10.0.40219.1
Project("{8BC9CEB8-8B4A-11D0-8D11-00A0C91BC942}") = "Stack_homework_4", "Stack_homework_4\Stack_homework_4.vcxproj", "{AD5565C7-BD87-4D4E-89D4-BD46E1F1C97A}"
EndProject
Global
	GlobalSection(SolutionConfigurationPlatforms) = preSolution
		Debug|Win32 = Debug|Win32
		Release|Win32 = Release|Win32
	EndGlobalSection
	GlobalSection(ProjectConfigurationPlatforms) = postSolution
		{AD5565C7-BD87-4D4E-89D4-BD46E1F1C97A}.Debug|Win32.ActiveCfg = Debug|Win32
		{AD5565C7-BD87-4D4E-89D4-BD46E1F1C97A}.Debug|Win32.Build.0 = Debug|Win32
		{AD5565C7-BD87-4D4E-89D4-BD46E1F1C97A}.Release|Win32.ActiveCfg = Release|Win32
		{AD5565C7-BD87-4D4E-89D4-BD46E1F1C97A}.Release|Win32.Build.0 = Release|Win32
	EndGlobalSection
	GlobalSection(SolutionProperties) = preSolution
		HideSolutionNode = FALSE
	EndGlobalSection
EndGlobal
